
Microsoft Visual Studio Solution File, Format Version 12.00
# Visual Studio Version 17
VisualStudioVersion = 17.14.36327.8 d17.14
MinimumVisualStudioVersion = 10.0.40219.1
Project("{FAE04EC0-301F-11D3-BF4B-00C04F79EFBC}") = "lab6", "lab6\lab6.csproj", "{B33706F4-E239-4908-BA7A-9EE0BB8126C8}"
EndProject
Global
	GlobalSection(SolutionConfigurationPlatforms) = preSolution
		Debug|Any CPU = Debug|Any CPU
		Release|Any CPU = Release|Any CPU
	EndGlobalSection
	GlobalSection(ProjectConfigurationPlatforms) = postSolution
		{B33706F4-E239-4908-BA7A-9EE0BB8126C8}.Debug|Any CPU.ActiveCfg = Debug|Any CPU
		{B33706F4-E239-4908-BA7A-9EE0BB8126C8}.Debug|Any CPU.Build.0 = Debug|Any CPU
		{B33706F4-E239-4908-BA7A-9EE0BB8126C8}.Release|Any CPU.ActiveCfg = Release|Any CPU
		{B33706F4-E239-4908-BA7A-9EE0BB8126C8}.Release|Any CPU.Build.0 = Release|Any CPU
	EndGlobalSection
	GlobalSection(SolutionProperties) = preSolution
		HideSolutionNode = FALSE
	EndGlobalSection
	GlobalSection(ExtensibilityGlobals) = postSolution
		SolutionGuid = {D19A0050-5966-4B27-85D5-E75A8E2CEA59}
	EndGlobalSection
EndGlobal
